// !$*UTF8*$!
{
	archiveVersion = 1;
	classes = {
	};
	objectVersion = 56;
	objects = {

/* Begin PBXBuildFile section */
		2302A44E2A1ED83B00946E9F /* ProgressBar.swift in Sources */ = {isa = PBXBuildFile; fileRef = 2302A44D2A1ED83B00946E9F /* ProgressBar.swift */; };
		23393FBE2A028C5B00000D77 /* SplashscreenView.swift in Sources */ = {isa = PBXBuildFile; fileRef = 23393FBD2A028C5B00000D77 /* SplashscreenView.swift */; };
		233DA0E228FEE1E20074AB4A /* Main.swift in Sources */ = {isa = PBXBuildFile; fileRef = 233DA0E128FEE1E20074AB4A /* Main.swift */; };
		233DA0E628FEE1E30074AB4A /* Assets.xcassets in Resources */ = {isa = PBXBuildFile; fileRef = 233DA0E528FEE1E30074AB4A /* Assets.xcassets */; };
		233DA0F828FEE65A0074AB4A /* Colorisation .swift in Sources */ = {isa = PBXBuildFile; fileRef = 233DA0F728FEE65A0074AB4A /* Colorisation .swift */; };
		233DA0FA28FEE75E0074AB4A /* counters.swift in Sources */ = {isa = PBXBuildFile; fileRef = 233DA0F928FEE75E0074AB4A /* counters.swift */; };
		233DA0FC28FEE7BE0074AB4A /* Questions.swift in Sources */ = {isa = PBXBuildFile; fileRef = 233DA0FB28FEE7BE0074AB4A /* Questions.swift */; };
		233DA0FE28FEE93C0074AB4A /* GameV_M.swift in Sources */ = {isa = PBXBuildFile; fileRef = 233DA0FD28FEE93C0074AB4A /* GameV_M.swift */; };
		233DA10028FEE9FB0074AB4A /* Score.swift in Sources */ = {isa = PBXBuildFile; fileRef = 233DA0FF28FEE9FB0074AB4A /* Score.swift */; };
		233DA10228FEEA300074AB4A /* Choice.swift in Sources */ = {isa = PBXBuildFile; fileRef = 233DA10128FEEA300074AB4A /* Choice.swift */; };
		233DA10428FEEA720074AB4A /* GamePlayView.swift in Sources */ = {isa = PBXBuildFile; fileRef = 233DA10328FEEA720074AB4A /* GamePlayView.swift */; };
		233DA10828FEEB990074AB4A /* bottomtext.swift in Sources */ = {isa = PBXBuildFile; fileRef = 233DA10728FEEB990074AB4A /* bottomtext.swift */; };
		233DA10A28FEED300074AB4A /* QuestionV.swift in Sources */ = {isa = PBXBuildFile; fileRef = 233DA10928FEED300074AB4A /* QuestionV.swift */; };
		233DA10C28FEED670074AB4A /* ScoreV.swift in Sources */ = {isa = PBXBuildFile; fileRef = 233DA10B28FEED670074AB4A /* ScoreV.swift */; };
		2360514A2A0ACC6600C51478 /* datamodel.xcdatamodeld in Sources */ = {isa = PBXBuildFile; fileRef = 236051482A0ACC6600C51478 /* datamodel.xcdatamodeld */; };
		2360514C2A0ACF7200C51478 /* Datacontroller.swift in Sources */ = {isa = PBXBuildFile; fileRef = 2360514B2A0ACF7200C51478 /* Datacontroller.swift */; };
		23EB6B58290F42DC00A2D450 /* shimmerwelcome.swift in Sources */ = {isa = PBXBuildFile; fileRef = 23EB6B57290F42DC00A2D450 /* shimmerwelcome.swift */; };
		23EB6B5A2910221300A2D450 /* choiceOfLevel.swift in Sources */ = {isa = PBXBuildFile; fileRef = 23EB6B592910221300A2D450 /* choiceOfLevel.swift */; };
/* End PBXBuildFile section */

/* Begin PBXFileReference section */
		2302A44D2A1ED83B00946E9F /* ProgressBar.swift */ = {isa = PBXFileReference; lastKnownFileType = sourcecode.swift; path = ProgressBar.swift; sourceTree = "<group>"; };
		23393FBD2A028C5B00000D77 /* SplashscreenView.swift */ = {isa = PBXFileReference; lastKnownFileType = sourcecode.swift; path = SplashscreenView.swift; sourceTree = "<group>"; };
		233DA0DE28FEE1E20074AB4A /* SwiftUI Quiz.app */ = {isa = PBXFileReference; explicitFileType = wrapper.application; includeInIndex = 0; path = "SwiftUI Quiz.app"; sourceTree = BUILT_PRODUCTS_DIR; };
		233DA0E128FEE1E20074AB4A /* Main.swift */ = {isa = PBXFileReference; lastKnownFileType = sourcecode.swift; path = Main.swift; sourceTree = "<group>"; };
		233DA0E528FEE1E30074AB4A /* Assets.xcassets */ = {isa = PBXFileReference; lastKnownFileType = folder.assetcatalog; path = Assets.xcassets; sourceTree = "<group>"; };
		233DA0F728FEE65A0074AB4A /* Colorisation .swift */ = {isa = PBXFileReference; lastKnownFileType = sourcecode.swift; path = "Colorisation .swift"; sourceTree = "<group>"; };
		233DA0F928FEE75E0074AB4A /* counters.swift */ = {isa = PBXFileReference; lastKnownFileType = sourcecode.swift; path = counters.swift; sourceTree = "<group>"; };
		233DA0FB28FEE7BE0074AB4A /* Questions.swift */ = {isa = PBXFileReference; lastKnownFileType = sourcecode.swift; path = Questions.swift; sourceTree = "<group>"; };
		233DA0FD28FEE93C0074AB4A /* GameV_M.swift */ = {isa = PBXFileReference; lastKnownFileType = sourcecode.swift; path = GameV_M.swift; sourceTree = "<group>"; };
		233DA0FF28FEE9FB0074AB4A /* Score.swift */ = {isa = PBXFileReference; lastKnownFileType = sourcecode.swift; path = Score.swift; sourceTree = "<group>"; };
		233DA10128FEEA300074AB4A /* Choice.swift */ = {isa = PBXFileReference; lastKnownFileType = sourcecode.swift; path = Choice.swift; sourceTree = "<group>"; };
		233DA10328FEEA720074AB4A /* GamePlayView.swift */ = {isa = PBXFileReference; lastKnownFileType = sourcecode.swift; path = GamePlayView.swift; sourceTree = "<group>"; };
		233DA10728FEEB990074AB4A /* bottomtext.swift */ = {isa = PBXFileReference; lastKnownFileType = sourcecode.swift; path = bottomtext.swift; sourceTree = "<group>"; };
		233DA10928FEED300074AB4A /* QuestionV.swift */ = {isa = PBXFileReference; lastKnownFileType = sourcecode.swift; path = QuestionV.swift; sourceTree = "<group>"; };
		233DA10B28FEED670074AB4A /* ScoreV.swift */ = {isa = PBXFileReference; lastKnownFileType = sourcecode.swift; path = ScoreV.swift; sourceTree = "<group>"; };
		236051492A0ACC6600C51478 /* datamodel.xcdatamodel */ = {isa = PBXFileReference; lastKnownFileType = wrapper.xcdatamodel; path = datamodel.xcdatamodel; sourceTree = "<group>"; };
		2360514B2A0ACF7200C51478 /* Datacontroller.swift */ = {isa = PBXFileReference; lastKnownFileType = sourcecode.swift; path = Datacontroller.swift; sourceTree = "<group>"; };
		23EB6B57290F42DC00A2D450 /* shimmerwelcome.swift */ = {isa = PBXFileReference; lastKnownFileType = sourcecode.swift; path = shimmerwelcome.swift; sourceTree = "<group>"; };
		23EB6B592910221300A2D450 /* choiceOfLevel.swift */ = {isa = PBXFileReference; lastKnownFileType = sourcecode.swift; path = choiceOfLevel.swift; sourceTree = "<group>"; };
/* End PBXFileReference section */

/* Begin PBXFrameworksBuildPhase section */
		233DA0DB28FEE1E20074AB4A /* Frameworks */ = {
			isa = PBXFrameworksBuildPhase;
			buildActionMask = 2147483647;
			files = (
			);
			runOnlyForDeploymentPostprocessing = 0;
		};
/* End PBXFrameworksBuildPhase section */

/* Begin PBXGroup section */
		233DA0D528FEE1E20074AB4A = {
			isa = PBXGroup;
			children = (
				233DA0E028FEE1E20074AB4A /* SwiftUI Quiz */,
				233DA0DF28FEE1E20074AB4A /* Products */,
			);
			sourceTree = "<group>";
		};
		233DA0DF28FEE1E20074AB4A /* Products */ = {
			isa = PBXGroup;
			children = (
				233DA0DE28FEE1E20074AB4A /* SwiftUI Quiz.app */,
			);
			name = Products;
			sourceTree = "<group>";
		};
		233DA0E028FEE1E20074AB4A /* SwiftUI Quiz */ = {
			isa = PBXGroup;
			children = (
				2360514D2A0BD2AB00C51478 /* helpers */,
				236051472A0ACB7C00C51478 /* Datamodel */,
				233DA0EF28FEE2C70074AB4A /* Main */,
				233DA0F428FEE4C10074AB4A /* view  */,
			);
			path = "SwiftUI Quiz";
			sourceTree = "<group>";
		};
		233DA0EF28FEE2C70074AB4A /* Main */ = {
			isa = PBXGroup;
			children = (
				233DA0E128FEE1E20074AB4A /* Main.swift */,
			);
			name = Main;
			sourceTree = "<group>";
		};
		233DA0F428FEE4C10074AB4A /* view  */ = {
			isa = PBXGroup;
			children = (
				233DA0FD28FEE93C0074AB4A /* GameV_M.swift */,
				23393FBD2A028C5B00000D77 /* SplashscreenView.swift */,
				233DA10328FEEA720074AB4A /* GamePlayView.swift */,
				233DA10728FEEB990074AB4A /* bottomtext.swift */,
				233DA10928FEED300074AB4A /* QuestionV.swift */,
				233DA10B28FEED670074AB4A /* ScoreV.swift */,
				23EB6B57290F42DC00A2D450 /* shimmerwelcome.swift */,
				23EB6B592910221300A2D450 /* choiceOfLevel.swift */,
				233DA0E528FEE1E30074AB4A /* Assets.xcassets */,
				2302A44D2A1ED83B00946E9F /* ProgressBar.swift */,
			);
			path = "view ";
			sourceTree = "<group>";
		};
		236051472A0ACB7C00C51478 /* Datamodel */ = {
			isa = PBXGroup;
			children = (
				236051482A0ACC6600C51478 /* datamodel.xcdatamodeld */,
				2360514B2A0ACF7200C51478 /* Datacontroller.swift */,
			);
			name = Datamodel;
			sourceTree = "<group>";
		};
		2360514D2A0BD2AB00C51478 /* helpers */ = {
			isa = PBXGroup;
			children = (
				233DA0F728FEE65A0074AB4A /* Colorisation .swift */,
				233DA0FB28FEE7BE0074AB4A /* Questions.swift */,
				233DA0FF28FEE9FB0074AB4A /* Score.swift */,
				233DA10128FEEA300074AB4A /* Choice.swift */,
				233DA0F928FEE75E0074AB4A /* counters.swift */,
			);
			name = helpers;
			sourceTree = "<group>";
		};
/* End PBXGroup section */

/* Begin PBXNativeTarget section */
		233DA0DD28FEE1E20074AB4A /* SwiftUI Quiz */ = {
			isa = PBXNativeTarget;
			buildConfigurationList = 233DA0EC28FEE1E30074AB4A /* Build configuration list for PBXNativeTarget "SwiftUI Quiz" */;
			buildPhases = (
				233DA0DA28FEE1E20074AB4A /* Sources */,
				233DA0DB28FEE1E20074AB4A /* Frameworks */,
				233DA0DC28FEE1E20074AB4A /* Resources */,
			);
			buildRules = (
			);
			dependencies = (
			);
			name = "SwiftUI Quiz";
			productName = "SwiftUI Quiz";
			productReference = 233DA0DE28FEE1E20074AB4A /* SwiftUI Quiz.app */;
			productType = "com.apple.product-type.application";
		};
/* End PBXNativeTarget section */

/* Begin PBXProject section */
		233DA0D628FEE1E20074AB4A /* Project object */ = {
			isa = PBXProject;
			attributes = {
				BuildIndependentTargetsInParallel = 1;
				LastSwiftUpdateCheck = 1400;
				LastUpgradeCheck = 1400;
				TargetAttributes = {
					233DA0DD28FEE1E20074AB4A = {
						CreatedOnToolsVersion = 14.0.1;
					};
				};
			};
			buildConfigurationList = 233DA0D928FEE1E20074AB4A /* Build configuration list for PBXProject "SwiftUI Quiz" */;
			compatibilityVersion = "Xcode 14.0";
			developmentRegion = en;
			hasScannedForEncodings = 0;
			knownRegions = (
				en,
				Base,
			);
			mainGroup = 233DA0D528FEE1E20074AB4A;
			productRefGroup = 233DA0DF28FEE1E20074AB4A /* Products */;
			projectDirPath = "";
			projectRoot = "";
			targets = (
				233DA0DD28FEE1E20074AB4A /* SwiftUI Quiz */,
			);
		};
/* End PBXProject section */

/* Begin PBXResourcesBuildPhase section */
		233DA0DC28FEE1E20074AB4A /* Resources */ = {
			isa = PBXResourcesBuildPhase;
			buildActionMask = 2147483647;
			files = (
				233DA0E628FEE1E30074AB4A /* Assets.xcassets in Resources */,
			);
			runOnlyForDeploymentPostprocessing = 0;
		};
/* End PBXResourcesBuildPhase section */

/* Begin PBXSourcesBuildPhase section */
		233DA0DA28FEE1E20074AB4A /* Sources */ = {
			isa = PBXSourcesBuildPhase;
			buildActionMask = 2147483647;
			files = (
				23393FBE2A028C5B00000D77 /* SplashscreenView.swift in Sources */,
				2302A44E2A1ED83B00946E9F /* ProgressBar.swift in Sources */,
				23EB6B5A2910221300A2D450 /* choiceOfLevel.swift in Sources */,
				233DA10028FEE9FB0074AB4A /* Score.swift in Sources */,
				233DA10C28FEED670074AB4A /* ScoreV.swift in Sources */,
				233DA0FE28FEE93C0074AB4A /* GameV_M.swift in Sources */,
				2360514C2A0ACF7200C51478 /* Datacontroller.swift in Sources */,
				233DA10228FEEA300074AB4A /* Choice.swift in Sources */,
				233DA0E228FEE1E20074AB4A /* Main.swift in Sources */,
				233DA10A28FEED300074AB4A /* QuestionV.swift in Sources */,
				2360514A2A0ACC6600C51478 /* datamodel.xcdatamodeld in Sources */,
				233DA0F828FEE65A0074AB4A /* Colorisation .swift in Sources */,
				233DA10828FEEB990074AB4A /* bottomtext.swift in Sources */,
				233DA0FC28FEE7BE0074AB4A /* Questions.swift in Sources */,
				233DA10428FEEA720074AB4A /* GamePlayView.swift in Sources */,
				233DA0FA28FEE75E0074AB4A /* counters.swift in Sources */,
				23EB6B58290F42DC00A2D450 /* shimmerwelcome.swift in Sources */,
			);
			runOnlyForDeploymentPostprocessing = 0;
		};
/* End PBXSourcesBuildPhase section */

/* Begin XCBuildConfiguration section */
		233DA0EA28FEE1E30074AB4A /* Debug */ = {
			isa = XCBuildConfiguration;
			buildSettings = {
				ALWAYS_SEARCH_USER_PATHS = NO;
				CLANG_ANALYZER_NONNULL = YES;
				CLANG_ANALYZER_NUMBER_OBJECT_CONVERSION = YES_AGGRESSIVE;
				CLANG_CXX_LANGUAGE_STANDARD = "gnu++20";
				CLANG_ENABLE_MODULES = YES;
				CLANG_ENABLE_OBJC_ARC = YES;
				CLANG_ENABLE_OBJC_WEAK = YES;
				CLANG_WARN_BLOCK_CAPTURE_AUTORELEASING = YES;
				CLANG_WARN_BOOL_CONVERSION = YES;
				CLANG_WARN_COMMA = YES;
				CLANG_WARN_CONSTANT_CONVERSION = YES;
				CLANG_WARN_DEPRECATED_OBJC_IMPLEMENTATIONS = YES;
				CLANG_WARN_DIRECT_OBJC_ISA_USAGE = YES_ERROR;
				CLANG_WARN_DOCUMENTATION_COMMENTS = YES;
				CLANG_WARN_EMPTY_BODY = YES;
				CLANG_WARN_ENUM_CONVERSION = YES;
				CLANG_WARN_INFINITE_RECURSION = YES;
				CLANG_WARN_INT_CONVERSION = YES;
				CLANG_WARN_NON_LITERAL_NULL_CONVERSION = YES;
				CLANG_WARN_OBJC_IMPLICIT_RETAIN_SELF = YES;
				CLANG_WARN_OBJC_LITERAL_CONVERSION = YES;
				CLANG_WARN_OBJC_ROOT_CLASS = YES_ERROR;
				CLANG_WARN_QUOTED_INCLUDE_IN_FRAMEWORK_HEADER = YES;
				CLANG_WARN_RANGE_LOOP_ANALYSIS = YES;
				CLANG_WARN_STRICT_PROTOTYPES = YES;
				CLANG_WARN_SUSPICIOUS_MOVE = YES;
				CLANG_WARN_UNGUARDED_AVAILABILITY = YES_AGGRESSIVE;
				CLANG_WARN_UNREACHABLE_CODE = YES;
				CLANG_WARN__DUPLICATE_METHOD_MATCH = YES;
				COPY_PHASE_STRIP = NO;
				DEBUG_INFORMATION_FORMAT = dwarf;
				ENABLE_STRICT_OBJC_MSGSEND = YES;
				ENABLE_TESTABILITY = YES;
				GCC_C_LANGUAGE_STANDARD = gnu11;
				GCC_DYNAMIC_NO_PIC = NO;
				GCC_NO_COMMON_BLOCKS = YES;
				GCC_OPTIMIZATION_LEVEL = 0;
				GCC_PREPROCESSOR_DEFINITIONS = (
					"DEBUG=1",
					"$(inherited)",
				);
				GCC_WARN_64_TO_32_BIT_CONVERSION = YES;
				GCC_WARN_ABOUT_RETURN_TYPE = YES_ERROR;
				GCC_WARN_UNDECLARED_SELECTOR = YES;
				GCC_WARN_UNINITIALIZED_AUTOS = YES_AGGRESSIVE;
				GCC_WARN_UNUSED_FUNCTION = YES;
				GCC_WARN_UNUSED_VARIABLE = YES;
				IPHONEOS_DEPLOYMENT_TARGET = 16.0;
				MTL_ENABLE_DEBUG_INFO = INCLUDE_SOURCE;
				MTL_FAST_MATH = YES;
				ONLY_ACTIVE_ARCH = YES;
				SDKROOT = iphoneos;
				SWIFT_ACTIVE_COMPILATION_CONDITIONS = DEBUG;
				SWIFT_OPTIMIZATION_LEVEL = "-Onone";
			};
			name = Debug;
		};
		233DA0EB28FEE1E30074AB4A /* Release */ = {
			isa = XCBuildConfiguration;
			buildSettings = {
				ALWAYS_SEARCH_USER_PATHS = NO;
				CLANG_ANALYZER_NONNULL = YES;
				CLANG_ANALYZER_NUMBER_OBJECT_CONVERSION = YES_AGGRESSIVE;
				CLANG_CXX_LANGUAGE_STANDARD = "gnu++20";
				CLANG_ENABLE_MODULES = YES;
				CLANG_ENABLE_OBJC_ARC = YES;
				CLANG_ENABLE_OBJC_WEAK = YES;
				CLANG_WARN_BLOCK_CAPTURE_AUTORELEASING = YES;
				CLANG_WARN_BOOL_CONVERSION = YES;
				CLANG_WARN_COMMA = YES;
				CLANG_WARN_CONSTANT_CONVERSION = YES;
				CLANG_WARN_DEPRECATED_OBJC_IMPLEMENTATIONS = YES;
				CLANG_WARN_DIRECT_OBJC_ISA_USAGE = YES_ERROR;
				CLANG_WARN_DOCUMENTATION_COMMENTS = YES;
				CLANG_WARN_EMPTY_BODY = YES;
				CLANG_WARN_ENUM_CONVERSION = YES;
				CLANG_WARN_INFINITE_RECURSION = YES;
				CLANG_WARN_INT_CONVERSION = YES;
				CLANG_WARN_NON_LITERAL_NULL_CONVERSION = YES;
				CLANG_WARN_OBJC_IMPLICIT_RETAIN_SELF = YES;
				CLANG_WARN_OBJC_LITERAL_CONVERSION = YES;
				CLANG_WARN_OBJC_ROOT_CLASS = YES_ERROR;
				CLANG_WARN_QUOTED_INCLUDE_IN_FRAMEWORK_HEADER = YES;
				CLANG_WARN_RANGE_LOOP_ANALYSIS = YES;
				CLANG_WARN_STRICT_PROTOTYPES = YES;
				CLANG_WARN_SUSPICIOUS_MOVE = YES;
				CLANG_WARN_UNGUARDED_AVAILABILITY = YES_AGGRESSIVE;
				CLANG_WARN_UNREACHABLE_CODE = YES;
				CLANG_WARN__DUPLICATE_METHOD_MATCH = YES;
				COPY_PHASE_STRIP = NO;
				DEBUG_INFORMATION_FORMAT = "dwarf-with-dsym";
				ENABLE_NS_ASSERTIONS = NO;
				ENABLE_STRICT_OBJC_MSGSEND = YES;
				GCC_C_LANGUAGE_STANDARD = gnu11;
				GCC_NO_COMMON_BLOCKS = YES;
				GCC_WARN_64_TO_32_BIT_CONVERSION = YES;
				GCC_WARN_ABOUT_RETURN_TYPE = YES_ERROR;
				GCC_WARN_UNDECLARED_SELECTOR = YES;
				GCC_WARN_UNINITIALIZED_AUTOS = YES_AGGRESSIVE;
				GCC_WARN_UNUSED_FUNCTION = YES;
				GCC_WARN_UNUSED_VARIABLE = YES;
				IPHONEOS_DEPLOYMENT_TARGET = 16.0;
				MTL_ENABLE_DEBUG_INFO = NO;
				MTL_FAST_MATH = YES;
				SDKROOT = iphoneos;
				SWIFT_COMPILATION_MODE = wholemodule;
				SWIFT_OPTIMIZATION_LEVEL = "-O";
				VALIDATE_PRODUCT = YES;
			};
			name = Release;
		};
		233DA0ED28FEE1E30074AB4A /* Debug */ = {
			isa = XCBuildConfiguration;
			buildSettings = {
				ASSETCATALOG_COMPILER_APPICON_NAME = AppIcon;
				ASSETCATALOG_COMPILER_GLOBAL_ACCENT_COLOR_NAME = AccentColor;
				ASSETCATALOG_COMPILER_INCLUDE_ALL_APPICON_ASSETS = YES;
				CODE_SIGN_STYLE = Automatic;
				CURRENT_PROJECT_VERSION = 1;
				DEVELOPMENT_ASSET_PATHS = "\"SwiftUI Quiz/Preview Content\"";
				DEVELOPMENT_TEAM = LUWSUXG92C;
				ENABLE_PREVIEWS = YES;
				GENERATE_INFOPLIST_FILE = YES;
				INFOPLIST_KEY_LSApplicationCategoryType = "public.app-category.education";
				INFOPLIST_KEY_UIApplicationSceneManifest_Generation = YES;
				INFOPLIST_KEY_UIApplicationSupportsIndirectInputEvents = YES;
				INFOPLIST_KEY_UILaunchScreen_Generation = YES;
				INFOPLIST_KEY_UILaunchStoryboardName = "";
				INFOPLIST_KEY_UIRequiresFullScreen = NO;
				INFOPLIST_KEY_UISupportedInterfaceOrientations = UIInterfaceOrientationPortrait;
				IPHONEOS_DEPLOYMENT_TARGET = 16.0;
				LD_RUNPATH_SEARCH_PATHS = (
					"$(inherited)",
					"@executable_path/Frameworks",
				);
				MARKETING_VERSION = 1.0;
				PRODUCT_BUNDLE_IDENTIFIER = "AshrafKasmiQuiz.SwiftUI-Quiz";
				PRODUCT_NAME = "$(TARGET_NAME)";
				SUPPORTED_PLATFORMS = "iphoneos iphonesimulator";
				SUPPORTS_MACCATALYST = NO;
				SUPPORTS_MAC_DESIGNED_FOR_IPHONE_IPAD = NO;
				SWIFT_EMIT_LOC_STRINGS = YES;
				SWIFT_VERSION = 5.0;
				TARGETED_DEVICE_FAMILY = 1;
			};
			name = Debug;
		};
		233DA0EE28FEE1E30074AB4A /* Release */ = {
			isa = XCBuildConfiguration;
			buildSettings = {
				ASSETCATALOG_COMPILER_APPICON_NAME = AppIcon;
				ASSETCATALOG_COMPILER_GLOBAL_ACCENT_COLOR_NAME = AccentColor;
				ASSETCATALOG_COMPILER_INCLUDE_ALL_APPICON_ASSETS = YES;
				CODE_SIGN_STYLE = Automatic;
				CURRENT_PROJECT_VERSION = 1;
				DEVELOPMENT_ASSET_PATHS = "\"SwiftUI Quiz/Preview Content\"";
				DEVELOPMENT_TEAM = LUWSUXG92C;
				ENABLE_PREVIEWS = YES;
				GENERATE_INFOPLIST_FILE = YES;
				INFOPLIST_KEY_LSApplicationCategoryType = "public.app-category.education";
				INFOPLIST_KEY_UIApplicationSceneManifest_Generation = YES;
				INFOPLIST_KEY_UIApplicationSupportsIndirectInputEvents = YES;
				INFOPLIST_KEY_UILaunchScreen_Generation = YES;
				INFOPLIST_KEY_UILaunchStoryboardName = "";
				INFOPLIST_KEY_UIRequiresFullScreen = NO;
				INFOPLIST_KEY_UISupportedInterfaceOrientations = UIInterfaceOrientationPortrait;
				IPHONEOS_DEPLOYMENT_TARGET = 16.0;
				LD_RUNPATH_SEARCH_PATHS = (
					"$(inherited)",
					"@executable_path/Frameworks",
				);
				MARKETING_VERSION = 1.0;
				PRODUCT_BUNDLE_IDENTIFIER = "AshrafKasmiQuiz.SwiftUI-Quiz";
				PRODUCT_NAME = "$(TARGET_NAME)";
				SUPPORTED_PLATFORMS = "iphoneos iphonesimulator";
				SUPPORTS_MACCATALYST = NO;
				SUPPORTS_MAC_DESIGNED_FOR_IPHONE_IPAD = NO;
				SWIFT_EMIT_LOC_STRINGS = YES;
				SWIFT_VERSION = 5.0;
				TARGETED_DEVICE_FAMILY = 1;
			};
			name = Release;
		};
/* End XCBuildConfiguration section */

/* Begin XCConfigurationList section */
		233DA0D928FEE1E20074AB4A /* Build configuration list for PBXProject "SwiftUI Quiz" */ = {
			isa = XCConfigurationList;
			buildConfigurations = (
				233DA0EA28FEE1E30074AB4A /* Debug */,
				233DA0EB28FEE1E30074AB4A /* Release */,
			);
			defaultConfigurationIsVisible = 0;
			defaultConfigurationName = Release;
		};
		233DA0EC28FEE1E30074AB4A /* Build configuration list for PBXNativeTarget "SwiftUI Quiz" */ = {
			isa = XCConfigurationList;
			buildConfigurations = (
				233DA0ED28FEE1E30074AB4A /* Debug */,
				233DA0EE28FEE1E30074AB4A /* Release */,
			);
			defaultConfigurationIsVisible = 0;
			defaultConfigurationName = Release;
		};
/* End XCConfigurationList section */

/* Begin XCVersionGroup section */
		236051482A0ACC6600C51478 /* datamodel.xcdatamodeld */ = {
			isa = XCVersionGroup;
			children = (
				236051492A0ACC6600C51478 /* datamodel.xcdatamodel */,
			);
			currentVersion = 236051492A0ACC6600C51478 /* datamodel.xcdatamodel */;
			path = datamodel.xcdatamodeld;
			sourceTree = "<group>";
			versionGroupType = wrapper.xcdatamodel;
		};
/* End XCVersionGroup section */
	};
	rootObject = 233DA0D628FEE1E20074AB4A /* Project object */;
}
